// !$*UTF8*$!
{
	archiveVersion = 1;
	classes = {
	};
	objectVersion = 50;
	objects = {

/* Begin PBXBuildFile section */
		85BF3F8E21397CF400949ACE /* main.cpp in Sources */ = {isa = PBXBuildFile; fileRef = 85BF3F8D21397CF400949ACE /* main.cpp */; };
		85BF3F9621397D0700949ACE /* SDL2.framework in Frameworks */ = {isa = PBXBuildFile; fileRef = 85BF3F9521397D0700949ACE /* SDL2.framework */; };
		85BF3F9921397DFF00949ACE /* Video.cpp in Sources */ = {isa = PBXBuildFile; fileRef = 85BF3F9821397DFF00949ACE /* Video.cpp */; };
		85BF3F9D21397E9900949ACE /* Game.cpp in Sources */ = {isa = PBXBuildFile; fileRef = 85BF3F9B21397E9900949ACE /* Game.cpp */; };
		85BF3FA02139805800949ACE /* Player.cpp in Sources */ = {isa = PBXBuildFile; fileRef = 85BF3F9E2139805800949ACE /* Player.cpp */; };
		C6BD9FE6213A329D000FC5A8 /* SDL2_ttf.framework in Frameworks */ = {isa = PBXBuildFile; fileRef = 85BF3FA12139CA2D00949ACE /* SDL2_ttf.framework */; };
		C6BD9FEB213A3410000FC5A8 /* GameScene.cpp in Sources */ = {isa = PBXBuildFile; fileRef = C6BD9FEA213A3410000FC5A8 /* GameScene.cpp */; };
		C6BD9FEE213A3F0E000FC5A8 /* TitleScreen.cpp in Sources */ = {isa = PBXBuildFile; fileRef = C6BD9FED213A3F0E000FC5A8 /* TitleScreen.cpp */; };
/* End PBXBuildFile section */

/* Begin PBXCopyFilesBuildPhase section */
		85BF3F8821397CF400949ACE /* CopyFiles */ = {
			isa = PBXCopyFilesBuildPhase;
			buildActionMask = 2147483647;
			dstPath = /usr/share/man/man1/;
			dstSubfolderSpec = 0;
			files = (
			);
			runOnlyForDeploymentPostprocessing = 1;
		};
/* End PBXCopyFilesBuildPhase section */

/* Begin PBXFileReference section */
		85BF3F8A21397CF400949ACE /* snake */ = {isa = PBXFileReference; explicitFileType = "compiled.mach-o.executable"; includeInIndex = 0; path = snake; sourceTree = BUILT_PRODUCTS_DIR; };
		85BF3F8D21397CF400949ACE /* main.cpp */ = {isa = PBXFileReference; lastKnownFileType = sourcecode.cpp.cpp; path = main.cpp; sourceTree = "<group>"; };
		85BF3F9521397D0700949ACE /* SDL2.framework */ = {isa = PBXFileReference; lastKnownFileType = wrapper.framework; name = SDL2.framework; path = ../../../../Library/Frameworks/SDL2.framework; sourceTree = "<group>"; };
		85BF3F9721397DFF00949ACE /* Video.hpp */ = {isa = PBXFileReference; fileEncoding = 4; lastKnownFileType = sourcecode.cpp.h; path = Video.hpp; sourceTree = "<group>"; };
		85BF3F9821397DFF00949ACE /* Video.cpp */ = {isa = PBXFileReference; fileEncoding = 4; lastKnownFileType = sourcecode.cpp.cpp; path = Video.cpp; sourceTree = "<group>"; };
		85BF3F9A21397E1C00949ACE /* constants.h */ = {isa = PBXFileReference; lastKnownFileType = sourcecode.c.h; path = constants.h; sourceTree = "<group>"; };
		85BF3F9B21397E9900949ACE /* Game.cpp */ = {isa = PBXFileReference; lastKnownFileType = sourcecode.cpp.cpp; path = Game.cpp; sourceTree = "<group>"; };
		85BF3F9C21397E9900949ACE /* Game.hpp */ = {isa = PBXFileReference; lastKnownFileType = sourcecode.cpp.h; path = Game.hpp; sourceTree = "<group>"; };
		85BF3F9E2139805800949ACE /* Player.cpp */ = {isa = PBXFileReference; lastKnownFileType = sourcecode.cpp.cpp; path = Player.cpp; sourceTree = "<group>"; };
		85BF3F9F2139805800949ACE /* Player.hpp */ = {isa = PBXFileReference; lastKnownFileType = sourcecode.cpp.h; path = Player.hpp; sourceTree = "<group>"; };
		85BF3FA12139CA2D00949ACE /* SDL2_ttf.framework */ = {isa = PBXFileReference; lastKnownFileType = wrapper.framework; name = SDL2_ttf.framework; path = ../../../../Library/Frameworks/SDL2_ttf.framework; sourceTree = "<group>"; };
		C6BD9FEA213A3410000FC5A8 /* GameScene.cpp */ = {isa = PBXFileReference; lastKnownFileType = sourcecode.cpp.cpp; path = GameScene.cpp; sourceTree = "<group>"; };
		C6BD9FEC213A3E9D000FC5A8 /* Scene.hpp */ = {isa = PBXFileReference; lastKnownFileType = sourcecode.cpp.h; path = Scene.hpp; sourceTree = "<group>"; };
		C6BD9FED213A3F0E000FC5A8 /* TitleScreen.cpp */ = {isa = PBXFileReference; lastKnownFileType = sourcecode.cpp.cpp; path = TitleScreen.cpp; sourceTree = "<group>"; };
/* End PBXFileReference section */

/* Begin PBXFrameworksBuildPhase section */
		85BF3F8721397CF400949ACE /* Frameworks */ = {
			isa = PBXFrameworksBuildPhase;
			buildActionMask = 2147483647;
			files = (
				C6BD9FE6213A329D000FC5A8 /* SDL2_ttf.framework in Frameworks */,
				85BF3F9621397D0700949ACE /* SDL2.framework in Frameworks */,
			);
			runOnlyForDeploymentPostprocessing = 0;
		};
/* End PBXFrameworksBuildPhase section */

/* Begin PBXGroup section */
		85BF3F8121397CF400949ACE = {
			isa = PBXGroup;
			children = (
				85BF3F8C21397CF400949ACE /* snake */,
				85BF3F8B21397CF400949ACE /* Products */,
				85BF3F9421397D0700949ACE /* Frameworks */,
			);
			sourceTree = "<group>";
		};
		85BF3F8B21397CF400949ACE /* Products */ = {
			isa = PBXGroup;
			children = (
				85BF3F8A21397CF400949ACE /* snake */,
			);
			name = Products;
			sourceTree = "<group>";
		};
		85BF3F8C21397CF400949ACE /* snake */ = {
			isa = PBXGroup;
			children = (
				C6BD9FEF213A4622000FC5A8 /* Scenes */,
				85BF3F9821397DFF00949ACE /* Video.cpp */,
				85BF3F9721397DFF00949ACE /* Video.hpp */,
				85BF3F8D21397CF400949ACE /* main.cpp */,
				85BF3F9A21397E1C00949ACE /* constants.h */,
				85BF3F9B21397E9900949ACE /* Game.cpp */,
				85BF3F9C21397E9900949ACE /* Game.hpp */,
				85BF3F9E2139805800949ACE /* Player.cpp */,
				85BF3F9F2139805800949ACE /* Player.hpp */,
			);
			path = snake;
			sourceTree = "<group>";
		};
		85BF3F9421397D0700949ACE /* Frameworks */ = {
			isa = PBXGroup;
			children = (
				85BF3FA12139CA2D00949ACE /* SDL2_ttf.framework */,
				85BF3F9521397D0700949ACE /* SDL2.framework */,
			);
			name = Frameworks;
			sourceTree = "<group>";
		};
		C6BD9FEF213A4622000FC5A8 /* Scenes */ = {
			isa = PBXGroup;
			children = (
				C6BD9FED213A3F0E000FC5A8 /* TitleScreen.cpp */,
				C6BD9FEA213A3410000FC5A8 /* GameScene.cpp */,
				C6BD9FEC213A3E9D000FC5A8 /* Scene.hpp */,
			);
			path = Scenes;
			sourceTree = "<group>";
		};
/* End PBXGroup section */

/* Begin PBXNativeTarget section */
		85BF3F8921397CF400949ACE /* snake */ = {
			isa = PBXNativeTarget;
			buildConfigurationList = 85BF3F9121397CF400949ACE /* Build configuration list for PBXNativeTarget "snake" */;
			buildPhases = (
				85BF3F8621397CF400949ACE /* Sources */,
				85BF3F8721397CF400949ACE /* Frameworks */,
				85BF3F8821397CF400949ACE /* CopyFiles */,
			);
			buildRules = (
			);
			dependencies = (
			);
			name = snake;
			productName = snake;
			productReference = 85BF3F8A21397CF400949ACE /* snake */;
			productType = "com.apple.product-type.tool";
		};
/* End PBXNativeTarget section */

/* Begin PBXProject section */
		85BF3F8221397CF400949ACE /* Project object */ = {
			isa = PBXProject;
			attributes = {
				LastUpgradeCheck = 0940;
				ORGANIZATIONNAME = "Daniel Mills";
				TargetAttributes = {
					85BF3F8921397CF400949ACE = {
						CreatedOnToolsVersion = 9.4.1;
					};
				};
			};
			buildConfigurationList = 85BF3F8521397CF400949ACE /* Build configuration list for PBXProject "snake" */;
			compatibilityVersion = "Xcode 9.3";
			developmentRegion = en;
			hasScannedForEncodings = 0;
			knownRegions = (
				en,
			);
			mainGroup = 85BF3F8121397CF400949ACE;
			productRefGroup = 85BF3F8B21397CF400949ACE /* Products */;
			projectDirPath = "";
			projectRoot = "";
			targets = (
				85BF3F8921397CF400949ACE /* snake */,
			);
		};
/* End PBXProject section */

/* Begin PBXSourcesBuildPhase section */
		85BF3F8621397CF400949ACE /* Sources */ = {
			isa = PBXSourcesBuildPhase;
			buildActionMask = 2147483647;
			files = (
				85BF3FA02139805800949ACE /* Player.cpp in Sources */,
				85BF3F9D21397E9900949ACE /* Game.cpp in Sources */,
				85BF3F8E21397CF400949ACE /* main.cpp in Sources */,
				C6BD9FEB213A3410000FC5A8 /* GameScene.cpp in Sources */,
				C6BD9FEE213A3F0E000FC5A8 /* TitleScreen.cpp in Sources */,
				85BF3F9921397DFF00949ACE /* Video.cpp in Sources */,
			);
			runOnlyForDeploymentPostprocessing = 0;
		};
/* End PBXSourcesBuildPhase section */

/* Begin XCBuildConfiguration section */
		85BF3F8F21397CF400949ACE /* Debug */ = {
			isa = XCBuildConfiguration;
			buildSettings = {
				ALWAYS_SEARCH_USER_PATHS = NO;
				CLANG_ANALYZER_NONNULL = YES;
				CLANG_ANALYZER_NUMBER_OBJECT_CONVERSION = YES_AGGRESSIVE;
				CLANG_CXX_LANGUAGE_STANDARD = "gnu++14";
				CLANG_CXX_LIBRARY = "libc++";
				CLANG_ENABLE_MODULES = YES;
				CLANG_ENABLE_OBJC_ARC = YES;
				CLANG_ENABLE_OBJC_WEAK = YES;
				CLANG_WARN_BLOCK_CAPTURE_AUTORELEASING = YES;
				CLANG_WARN_BOOL_CONVERSION = YES;
				CLANG_WARN_COMMA = YES;
				CLANG_WARN_CONSTANT_CONVERSION = YES;
				CLANG_WARN_DEPRECATED_OBJC_IMPLEMENTATIONS = YES;
				CLANG_WARN_DIRECT_OBJC_ISA_USAGE = YES_ERROR;
				CLANG_WARN_DOCUMENTATION_COMMENTS = YES;
				CLANG_WARN_EMPTY_BODY = YES;
				CLANG_WARN_ENUM_CONVERSION = YES;
				CLANG_WARN_INFINITE_RECURSION = YES;
				CLANG_WARN_INT_CONVERSION = YES;
				CLANG_WARN_NON_LITERAL_NULL_CONVERSION = YES;
				CLANG_WARN_OBJC_IMPLICIT_RETAIN_SELF = YES;
				CLANG_WARN_OBJC_LITERAL_CONVERSION = YES;
				CLANG_WARN_OBJC_ROOT_CLASS = YES_ERROR;
				CLANG_WARN_RANGE_LOOP_ANALYSIS = YES;
				CLANG_WARN_STRICT_PROTOTYPES = YES;
				CLANG_WARN_SUSPICIOUS_MOVE = YES;
				CLANG_WARN_UNGUARDED_AVAILABILITY = YES_AGGRESSIVE;
				CLANG_WARN_UNREACHABLE_CODE = YES;
				CLANG_WARN__DUPLICATE_METHOD_MATCH = YES;
				CODE_SIGN_IDENTITY = "Mac Developer";
				COPY_PHASE_STRIP = NO;
				DEBUG_INFORMATION_FORMAT = dwarf;
				ENABLE_STRICT_OBJC_MSGSEND = YES;
				ENABLE_TESTABILITY = YES;
				GCC_C_LANGUAGE_STANDARD = gnu11;
				GCC_DYNAMIC_NO_PIC = NO;
				GCC_NO_COMMON_BLOCKS = YES;
				GCC_OPTIMIZATION_LEVEL = 0;
				GCC_PREPROCESSOR_DEFINITIONS = (
					"DEBUG=1",
					"$(inherited)",
				);
				GCC_WARN_64_TO_32_BIT_CONVERSION = YES;
				GCC_WARN_ABOUT_RETURN_TYPE = YES_ERROR;
				GCC_WARN_UNDECLARED_SELECTOR = YES;
				GCC_WARN_UNINITIALIZED_AUTOS = YES_AGGRESSIVE;
				GCC_WARN_UNUSED_FUNCTION = YES;
				GCC_WARN_UNUSED_VARIABLE = YES;
				MACOSX_DEPLOYMENT_TARGET = 10.13;
				MTL_ENABLE_DEBUG_INFO = YES;
				ONLY_ACTIVE_ARCH = YES;
				SDKROOT = macosx;
			};
			name = Debug;
		};
		85BF3F9021397CF400949ACE /* Release */ = {
			isa = XCBuildConfiguration;
			buildSettings = {
				ALWAYS_SEARCH_USER_PATHS = NO;
				CLANG_ANALYZER_NONNULL = YES;
				CLANG_ANALYZER_NUMBER_OBJECT_CONVERSION = YES_AGGRESSIVE;
				CLANG_CXX_LANGUAGE_STANDARD = "gnu++14";
				CLANG_CXX_LIBRARY = "libc++";
				CLANG_ENABLE_MODULES = YES;
				CLANG_ENABLE_OBJC_ARC = YES;
				CLANG_ENABLE_OBJC_WEAK = YES;
				CLANG_WARN_BLOCK_CAPTURE_AUTORELEASING = YES;
				CLANG_WARN_BOOL_CONVERSION = YES;
				CLANG_WARN_COMMA = YES;
				CLANG_WARN_CONSTANT_CONVERSION = YES;
				CLANG_WARN_DEPRECATED_OBJC_IMPLEMENTATIONS = YES;
				CLANG_WARN_DIRECT_OBJC_ISA_USAGE = YES_ERROR;
				CLANG_WARN_DOCUMENTATION_COMMENTS = YES;
				CLANG_WARN_EMPTY_BODY = YES;
				CLANG_WARN_ENUM_CONVERSION = YES;
				CLANG_WARN_INFINITE_RECURSION = YES;
				CLANG_WARN_INT_CONVERSION = YES;
				CLANG_WARN_NON_LITERAL_NULL_CONVERSION = YES;
				CLANG_WARN_OBJC_IMPLICIT_RETAIN_SELF = YES;
				CLANG_WARN_OBJC_LITERAL_CONVERSION = YES;
				CLANG_WARN_OBJC_ROOT_CLASS = YES_ERROR;
				CLANG_WARN_RANGE_LOOP_ANALYSIS = YES;
				CLANG_WARN_STRICT_PROTOTYPES = YES;
				CLANG_WARN_SUSPICIOUS_MOVE = YES;
				CLANG_WARN_UNGUARDED_AVAILABILITY = YES_AGGRESSIVE;
				CLANG_WARN_UNREACHABLE_CODE = YES;
				CLANG_WARN__DUPLICATE_METHOD_MATCH = YES;
				CODE_SIGN_IDENTITY = "Mac Developer";
				COPY_PHASE_STRIP = NO;
				DEBUG_INFORMATION_FORMAT = "dwarf-with-dsym";
				ENABLE_NS_ASSERTIONS = NO;
				ENABLE_STRICT_OBJC_MSGSEND = YES;
				GCC_C_LANGUAGE_STANDARD = gnu11;
				GCC_NO_COMMON_BLOCKS = YES;
				GCC_WARN_64_TO_32_BIT_CONVERSION = YES;
				GCC_WARN_ABOUT_RETURN_TYPE = YES_ERROR;
				GCC_WARN_UNDECLARED_SELECTOR = YES;
				GCC_WARN_UNINITIALIZED_AUTOS = YES_AGGRESSIVE;
				GCC_WARN_UNUSED_FUNCTION = YES;
				GCC_WARN_UNUSED_VARIABLE = YES;
				MACOSX_DEPLOYMENT_TARGET = 10.13;
				MTL_ENABLE_DEBUG_INFO = NO;
				SDKROOT = macosx;
			};
			name = Release;
		};
		85BF3F9221397CF400949ACE /* Debug */ = {
			isa = XCBuildConfiguration;
			buildSettings = {
				CODE_SIGN_IDENTITY = "Mac Developer";
				CODE_SIGN_STYLE = Automatic;
				DEVELOPMENT_TEAM = Z7S85LAS2H;
				FRAMEWORK_SEARCH_PATHS = (
					"$(inherited)",
					"$(LOCAL_LIBRARY_DIR)/Frameworks",
				);
				PRODUCT_NAME = "$(TARGET_NAME)";
				PROVISIONING_PROFILE_SPECIFIER = "";
			};
			name = Debug;
		};
		85BF3F9321397CF400949ACE /* Release */ = {
			isa = XCBuildConfiguration;
			buildSettings = {
				CODE_SIGN_IDENTITY = "Mac Developer";
				CODE_SIGN_STYLE = Automatic;
				DEVELOPMENT_TEAM = Z7S85LAS2H;
				FRAMEWORK_SEARCH_PATHS = (
					"$(inherited)",
					"$(LOCAL_LIBRARY_DIR)/Frameworks",
				);
				PRODUCT_NAME = "$(TARGET_NAME)";
				PROVISIONING_PROFILE_SPECIFIER = "";
			};
			name = Release;
		};
/* End XCBuildConfiguration section */

/* Begin XCConfigurationList section */
		85BF3F8521397CF400949ACE /* Build configuration list for PBXProject "snake" */ = {
			isa = XCConfigurationList;
			buildConfigurations = (
				85BF3F8F21397CF400949ACE /* Debug */,
				85BF3F9021397CF400949ACE /* Release */,
			);
			defaultConfigurationIsVisible = 0;
			defaultConfigurationName = Release;
		};
		85BF3F9121397CF400949ACE /* Build configuration list for PBXNativeTarget "snake" */ = {
			isa = XCConfigurationList;
			buildConfigurations = (
				85BF3F9221397CF400949ACE /* Debug */,
				85BF3F9321397CF400949ACE /* Release */,
			);
			defaultConfigurationIsVisible = 0;
			defaultConfigurationName = Release;
		};
/* End XCConfigurationList section */
	};
	rootObject = 85BF3F8221397CF400949ACE /* Project object */;
}
